
Microsoft Visual Studio Solution File, Format Version 12.00
# Visual Studio Version 16
VisualStudioVersion = 16.0.30907.101
MinimumVisualStudioVersion = 10.0.40219.1
Project("{FAE04EC0-301F-11D3-BF4B-00C04F79EFBC}") = "Collections", "Collections\Collections.csproj", "{2FBE6E0D-0A11-41E7-89C4-787BEF5D34CE}"
EndProject
Project("{FAE04EC0-301F-11D3-BF4B-00C04F79EFBC}") = "Dictionary", "Dictionary\Dictionary.csproj", "{05AB4E13-41A7-446C-BFDB-8DEC6DF0E516}"
EndProject
Project("{FAE04EC0-301F-11D3-BF4B-00C04F79EFBC}") = "Lists", "Lists\Lists.csproj", "{1A071970-0C16-4BC8-8A54-B995C54BDF47}"
EndProject
Global
	GlobalSection(SolutionConfigurationPlatforms) = preSolution
		Debug|Any CPU = Debug|Any CPU
		Release|Any CPU = Release|Any CPU
	EndGlobalSection
	GlobalSection(ProjectConfigurationPlatforms) = postSolution
		{2FBE6E0D-0A11-41E7-89C4-787BEF5D34CE}.Debug|Any CPU.ActiveCfg = Debug|Any CPU
		{2FBE6E0D-0A11-41E7-89C4-787BEF5D34CE}.Debug|Any CPU.Build.0 = Debug|Any CPU
		{2FBE6E0D-0A11-41E7-89C4-787BEF5D34CE}.Release|Any CPU.ActiveCfg = Release|Any CPU
		{2FBE6E0D-0A11-41E7-89C4-787BEF5D34CE}.Release|Any CPU.Build.0 = Release|Any CPU
		{05AB4E13-41A7-446C-BFDB-8DEC6DF0E516}.Debug|Any CPU.ActiveCfg = Debug|Any CPU
		{05AB4E13-41A7-446C-BFDB-8DEC6DF0E516}.Debug|Any CPU.Build.0 = Debug|Any CPU
		{05AB4E13-41A7-446C-BFDB-8DEC6DF0E516}.Release|Any CPU.ActiveCfg = Release|Any CPU
		{05AB4E13-41A7-446C-BFDB-8DEC6DF0E516}.Release|Any CPU.Build.0 = Release|Any CPU
		{1A071970-0C16-4BC8-8A54-B995C54BDF47}.Debug|Any CPU.ActiveCfg = Debug|Any CPU
		{1A071970-0C16-4BC8-8A54-B995C54BDF47}.Debug|Any CPU.Build.0 = Debug|Any CPU
		{1A071970-0C16-4BC8-8A54-B995C54BDF47}.Release|Any CPU.ActiveCfg = Release|Any CPU
		{1A071970-0C16-4BC8-8A54-B995C54BDF47}.Release|Any CPU.Build.0 = Release|Any CPU
	EndGlobalSection
	GlobalSection(SolutionProperties) = preSolution
		HideSolutionNode = FALSE
	EndGlobalSection
	GlobalSection(ExtensibilityGlobals) = postSolution
		SolutionGuid = {68D7EBA6-3887-4F7C-B0ED-7F6905455231}
	EndGlobalSection
EndGlobal
