
Microsoft Visual Studio Solution File, Format Version 12.00
# Visual Studio Version 16
VisualStudioVersion = 16.0.31112.23
MinimumVisualStudioVersion = 10.0.40219.1
Project("{9A19103F-16F7-4668-BE54-9A1E7A4F7556}") = "for_vs_while_vs_foreach", "for\for_vs_while_vs_foreach.csproj", "{89C3C07E-A7C8-42B3-B9C7-195B9433B279}"
EndProject
Project("{9A19103F-16F7-4668-BE54-9A1E7A4F7556}") = "ArrayFriendLoopFunWooo", "Array\ArrayFriendLoopFunWooo.csproj", "{E3F12B1D-E802-41C0-9908-F25BCAD70B72}"
EndProject
Project("{9A19103F-16F7-4668-BE54-9A1E7A4F7556}") = "String manip", "String manip\String manip.csproj", "{F9D27288-A710-4F40-AC1A-7A57647C7E4D}"
EndProject
Project("{9A19103F-16F7-4668-BE54-9A1E7A4F7556}") = "String manip for $ in double", "String manip for $ in double\String manip for $ in double.csproj", "{34309596-00CB-4B96-9980-FD8CE9A1A1F8}"
EndProject
Project("{9A19103F-16F7-4668-BE54-9A1E7A4F7556}") = "ExtraCredit", "ExtraCredit\ExtraCredit.csproj", "{FF90E74D-0C55-49C8-B5F6-D620F0714D08}"
EndProject
Project("{9A19103F-16F7-4668-BE54-9A1E7A4F7556}") = "Cereal", "Cereal\Cereal.csproj", "{A9119AFA-E61F-4260-BE29-DC944EA341F0}"
EndProject
Project("{9A19103F-16F7-4668-BE54-9A1E7A4F7556}") = "Functions 1", "Functions 1\Functions 1.csproj", "{6612AC5E-71F9-4723-81CE-A8C0A7E826BA}"
EndProject
Project("{9A19103F-16F7-4668-BE54-9A1E7A4F7556}") = "FizzBuzzV2.0", "FizzBuzzV2.0\FizzBuzzV2.0.csproj", "{1F8F0A39-25A1-4C5A-B2D0-F5FB3F98CE9F}"
EndProject
Project("{FAE04EC0-301F-11D3-BF4B-00C04F79EFBC}") = "WebApplication1", "WebApplication1\WebApplication1.csproj", "{0DD8ADC7-5356-4CD6-9B2B-97DA95846CC8}"
EndProject
Global
	GlobalSection(SolutionConfigurationPlatforms) = preSolution
		Debug|Any CPU = Debug|Any CPU
		Release|Any CPU = Release|Any CPU
	EndGlobalSection
	GlobalSection(ProjectConfigurationPlatforms) = postSolution
		{89C3C07E-A7C8-42B3-B9C7-195B9433B279}.Debug|Any CPU.ActiveCfg = Debug|Any CPU
		{89C3C07E-A7C8-42B3-B9C7-195B9433B279}.Debug|Any CPU.Build.0 = Debug|Any CPU
		{89C3C07E-A7C8-42B3-B9C7-195B9433B279}.Release|Any CPU.ActiveCfg = Release|Any CPU
		{89C3C07E-A7C8-42B3-B9C7-195B9433B279}.Release|Any CPU.Build.0 = Release|Any CPU
		{E3F12B1D-E802-41C0-9908-F25BCAD70B72}.Debug|Any CPU.ActiveCfg = Debug|Any CPU
		{E3F12B1D-E802-41C0-9908-F25BCAD70B72}.Debug|Any CPU.Build.0 = Debug|Any CPU
		{E3F12B1D-E802-41C0-9908-F25BCAD70B72}.Release|Any CPU.ActiveCfg = Release|Any CPU
		{E3F12B1D-E802-41C0-9908-F25BCAD70B72}.Release|Any CPU.Build.0 = Release|Any CPU
		{F9D27288-A710-4F40-AC1A-7A57647C7E4D}.Debug|Any CPU.ActiveCfg = Debug|Any CPU
		{F9D27288-A710-4F40-AC1A-7A57647C7E4D}.Debug|Any CPU.Build.0 = Debug|Any CPU
		{F9D27288-A710-4F40-AC1A-7A57647C7E4D}.Release|Any CPU.ActiveCfg = Release|Any CPU
		{F9D27288-A710-4F40-AC1A-7A57647C7E4D}.Release|Any CPU.Build.0 = Release|Any CPU
		{34309596-00CB-4B96-9980-FD8CE9A1A1F8}.Debug|Any CPU.ActiveCfg = Debug|Any CPU
		{34309596-00CB-4B96-9980-FD8CE9A1A1F8}.Debug|Any CPU.Build.0 = Debug|Any CPU
		{34309596-00CB-4B96-9980-FD8CE9A1A1F8}.Release|Any CPU.ActiveCfg = Release|Any CPU
		{34309596-00CB-4B96-9980-FD8CE9A1A1F8}.Release|Any CPU.Build.0 = Release|Any CPU
		{FF90E74D-0C55-49C8-B5F6-D620F0714D08}.Debug|Any CPU.ActiveCfg = Debug|Any CPU
		{FF90E74D-0C55-49C8-B5F6-D620F0714D08}.Debug|Any CPU.Build.0 = Debug|Any CPU
		{FF90E74D-0C55-49C8-B5F6-D620F0714D08}.Release|Any CPU.ActiveCfg = Release|Any CPU
		{FF90E74D-0C55-49C8-B5F6-D620F0714D08}.Release|Any CPU.Build.0 = Release|Any CPU
		{A9119AFA-E61F-4260-BE29-DC944EA341F0}.Debug|Any CPU.ActiveCfg = Debug|Any CPU
		{A9119AFA-E61F-4260-BE29-DC944EA341F0}.Debug|Any CPU.Build.0 = Debug|Any CPU
		{A9119AFA-E61F-4260-BE29-DC944EA341F0}.Release|Any CPU.ActiveCfg = Release|Any CPU
		{A9119AFA-E61F-4260-BE29-DC944EA341F0}.Release|Any CPU.Build.0 = Release|Any CPU
		{6612AC5E-71F9-4723-81CE-A8C0A7E826BA}.Debug|Any CPU.ActiveCfg = Debug|Any CPU
		{6612AC5E-71F9-4723-81CE-A8C0A7E826BA}.Debug|Any CPU.Build.0 = Debug|Any CPU
		{6612AC5E-71F9-4723-81CE-A8C0A7E826BA}.Release|Any CPU.ActiveCfg = Release|Any CPU
		{6612AC5E-71F9-4723-81CE-A8C0A7E826BA}.Release|Any CPU.Build.0 = Release|Any CPU
		{1F8F0A39-25A1-4C5A-B2D0-F5FB3F98CE9F}.Debug|Any CPU.ActiveCfg = Debug|Any CPU
		{1F8F0A39-25A1-4C5A-B2D0-F5FB3F98CE9F}.Debug|Any CPU.Build.0 = Debug|Any CPU
		{1F8F0A39-25A1-4C5A-B2D0-F5FB3F98CE9F}.Release|Any CPU.ActiveCfg = Release|Any CPU
		{1F8F0A39-25A1-4C5A-B2D0-F5FB3F98CE9F}.Release|Any CPU.Build.0 = Release|Any CPU
		{0DD8ADC7-5356-4CD6-9B2B-97DA95846CC8}.Debug|Any CPU.ActiveCfg = Debug|Any CPU
		{0DD8ADC7-5356-4CD6-9B2B-97DA95846CC8}.Debug|Any CPU.Build.0 = Debug|Any CPU
		{0DD8ADC7-5356-4CD6-9B2B-97DA95846CC8}.Release|Any CPU.ActiveCfg = Release|Any CPU
		{0DD8ADC7-5356-4CD6-9B2B-97DA95846CC8}.Release|Any CPU.Build.0 = Release|Any CPU
	EndGlobalSection
	GlobalSection(SolutionProperties) = preSolution
		HideSolutionNode = FALSE
	EndGlobalSection
	GlobalSection(ExtensibilityGlobals) = postSolution
		SolutionGuid = {761CF9E6-9E9D-41C2-966F-5769A9A6BF54}
	EndGlobalSection
EndGlobal
