
Microsoft Visual Studio Solution File, Format Version 12.00
# Visual Studio Version 16
VisualStudioVersion = 16.0.31112.23
MinimumVisualStudioVersion = 10.0.40219.1
Project("{9A19103F-16F7-4668-BE54-9A1E7A4F7556}") = "for_vs_while_vs_foreach", "for\for_vs_while_vs_foreach.csproj", "{89C3C07E-A7C8-42B3-B9C7-195B9433B279}"
EndProject
Project("{FAE04EC0-301F-11D3-BF4B-00C04F79EFBC}") = "ArrayFriendLoopFunWooo", "Array\ArrayFriendLoopFunWooo.csproj", "{E3F12B1D-E802-41C0-9908-F25BCAD70B72}"
EndProject
Global
	GlobalSection(SolutionConfigurationPlatforms) = preSolution
		Debug|Any CPU = Debug|Any CPU
		Release|Any CPU = Release|Any CPU
	EndGlobalSection
	GlobalSection(ProjectConfigurationPlatforms) = postSolution
		{89C3C07E-A7C8-42B3-B9C7-195B9433B279}.Debug|Any CPU.ActiveCfg = Debug|Any CPU
		{89C3C07E-A7C8-42B3-B9C7-195B9433B279}.Debug|Any CPU.Build.0 = Debug|Any CPU
		{89C3C07E-A7C8-42B3-B9C7-195B9433B279}.Release|Any CPU.ActiveCfg = Release|Any CPU
		{89C3C07E-A7C8-42B3-B9C7-195B9433B279}.Release|Any CPU.Build.0 = Release|Any CPU
		{E3F12B1D-E802-41C0-9908-F25BCAD70B72}.Debug|Any CPU.ActiveCfg = Debug|Any CPU
		{E3F12B1D-E802-41C0-9908-F25BCAD70B72}.Debug|Any CPU.Build.0 = Debug|Any CPU
		{E3F12B1D-E802-41C0-9908-F25BCAD70B72}.Release|Any CPU.ActiveCfg = Release|Any CPU
		{E3F12B1D-E802-41C0-9908-F25BCAD70B72}.Release|Any CPU.Build.0 = Release|Any CPU
	EndGlobalSection
	GlobalSection(SolutionProperties) = preSolution
		HideSolutionNode = FALSE
	EndGlobalSection
	GlobalSection(ExtensibilityGlobals) = postSolution
		SolutionGuid = {761CF9E6-9E9D-41C2-966F-5769A9A6BF54}
	EndGlobalSection
EndGlobal
